
Microsoft Visual Studio Solution File, Format Version 12.00
# Visual Studio Version 16
VisualStudioVersion = 16.0.29215.179
MinimumVisualStudioVersion = 10.0.40219.1
Project("{FAE04EC0-301F-11D3-BF4B-00C04F79EFBC}") = "AuctionCore", "AuctionCore.csproj", "{3E97949B-3713-4C12-A262-1B7934CBDD2D}"
EndProject
Global
	GlobalSection(SolutionConfigurationPlatforms) = preSolution
		Debug|Any CPU = Debug|Any CPU
		Release|Any CPU = Release|Any CPU
	EndGlobalSection
	GlobalSection(ProjectConfigurationPlatforms) = postSolution
		{3E97949B-3713-4C12-A262-1B7934CBDD2D}.Debug|Any CPU.ActiveCfg = Debug|Any CPU
		{3E97949B-3713-4C12-A262-1B7934CBDD2D}.Debug|Any CPU.Build.0 = Debug|Any CPU
		{3E97949B-3713-4C12-A262-1B7934CBDD2D}.Release|Any CPU.ActiveCfg = Release|Any CPU
		{3E97949B-3713-4C12-A262-1B7934CBDD2D}.Release|Any CPU.Build.0 = Release|Any CPU
	EndGlobalSection
	GlobalSection(SolutionProperties) = preSolution
		HideSolutionNode = FALSE
	EndGlobalSection
	GlobalSection(ExtensibilityGlobals) = postSolution
		SolutionGuid = {A0CDC380-3CC5-4613-B0D0-AAB3BAED716D}
	EndGlobalSection
EndGlobal
